
Microsoft Visual Studio Solution File, Format Version 12.00
# Visual Studio Version 16
VisualStudioVersion = 16.0.32106.194
MinimumVisualStudioVersion = 10.0.40219.1
Project("{FAE04EC0-301F-11D3-BF4B-00C04F79EFBC}") = "TowerDefense", "TowerDefense\TowerDefense.csproj", "{E49ABAB3-EEC8-40A6-9257-3B09475AD2B1}"
EndProject
Global
	GlobalSection(SolutionConfigurationPlatforms) = preSolution
		Debug|Any CPU = Debug|Any CPU
		Release|Any CPU = Release|Any CPU
	EndGlobalSection
	GlobalSection(ProjectConfigurationPlatforms) = postSolution
		{E49ABAB3-EEC8-40A6-9257-3B09475AD2B1}.Debug|Any CPU.ActiveCfg = Debug|Any CPU
		{E49ABAB3-EEC8-40A6-9257-3B09475AD2B1}.Debug|Any CPU.Build.0 = Debug|Any CPU
		{E49ABAB3-EEC8-40A6-9257-3B09475AD2B1}.Release|Any CPU.ActiveCfg = Release|Any CPU
		{E49ABAB3-EEC8-40A6-9257-3B09475AD2B1}.Release|Any CPU.Build.0 = Release|Any CPU
	EndGlobalSection
	GlobalSection(SolutionProperties) = preSolution
		HideSolutionNode = FALSE
	EndGlobalSection
	GlobalSection(ExtensibilityGlobals) = postSolution
		SolutionGuid = {90596E88-FDC2-45CD-BAAD-798B8A0A8276}
	EndGlobalSection
EndGlobal
